{
  "version": 4,
  "terraform_version": "1.2.5",
  "serial": 4,
  "lineage": "9e13715a-733f-14c1-514b-2a61f35009e9",
  "outputs": {
    "storage_account_id": {
      "value": {
        "access_tier": "Hot",
        "account_kind": "StorageV2",
        "account_replication_type": "LRS",
        "account_tier": "Standard",
        "allow_nested_items_to_be_public": true,
        "azure_files_authentication": [],
        "blob_properties": [
          {
            "change_feed_enabled": false,
            "container_delete_retention_policy": [],
            "cors_rule": [],
            "default_service_version": "",
            "delete_retention_policy": [],
            "last_access_time_enabled": false,
            "versioning_enabled": false
          }
        ],
        "custom_domain": [],
        "customer_managed_key": [],
        "edge_zone": "",
        "enable_https_traffic_only": true,
        "id": "/subscriptions/ac68c5bb-7f34-43c6-ba69-66771f0f0d66/resourceGroups/storege_account_group/providers/Microsoft.Storage/storageAccounts/fabiolealaccount2712",
        "identity": [],
        "infrastructure_encryption_enabled": false,
        "is_hns_enabled": false,
        "large_file_share_enabled": null,
        "location": "eastus",
        "min_tls_version": "TLS1_2",
        "name": "fabiolealaccount2712",
        "network_rules": [
          {
            "bypass": [
              "AzureServices"
            ],
            "default_action": "Allow",
            "ip_rules": [],
            "private_link_access": [],
            "virtual_network_subnet_ids": []
          }
        ],
        "nfsv3_enabled": false,
        "primary_access_key": "pm8MnYIqS2B038n1CYM5B8yFSZ2j9Kd3zMs7qWStReTQF4eGyDSI8BmNFzLJhfGPu6lZ+9jRkaT0+AStxppLPQ==",
        "primary_blob_connection_string": "DefaultEndpointsProtocol=https;BlobEndpoint=https://fabiolealaccount2712.blob.core.windows.net/;AccountName=fabiolealaccount2712;AccountKey=pm8MnYIqS2B038n1CYM5B8yFSZ2j9Kd3zMs7qWStReTQF4eGyDSI8BmNFzLJhfGPu6lZ+9jRkaT0+AStxppLPQ==",
        "primary_blob_endpoint": "https://fabiolealaccount2712.blob.core.windows.net/",
        "primary_blob_host": "fabiolealaccount2712.blob.core.windows.net",
        "primary_connection_string": "DefaultEndpointsProtocol=https;AccountName=fabiolealaccount2712;AccountKey=pm8MnYIqS2B038n1CYM5B8yFSZ2j9Kd3zMs7qWStReTQF4eGyDSI8BmNFzLJhfGPu6lZ+9jRkaT0+AStxppLPQ==;EndpointSuffix=core.windows.net",
        "primary_dfs_endpoint": "https://fabiolealaccount2712.dfs.core.windows.net/",
        "primary_dfs_host": "fabiolealaccount2712.dfs.core.windows.net",
        "primary_file_endpoint": "https://fabiolealaccount2712.file.core.windows.net/",
        "primary_file_host": "fabiolealaccount2712.file.core.windows.net",
        "primary_location": "eastus",
        "primary_queue_endpoint": "https://fabiolealaccount2712.queue.core.windows.net/",
        "primary_queue_host": "fabiolealaccount2712.queue.core.windows.net",
        "primary_table_endpoint": "https://fabiolealaccount2712.table.core.windows.net/",
        "primary_table_host": "fabiolealaccount2712.table.core.windows.net",
        "primary_web_endpoint": "https://fabiolealaccount2712.z13.web.core.windows.net/",
        "primary_web_host": "fabiolealaccount2712.z13.web.core.windows.net",
        "queue_encryption_key_type": "Service",
        "queue_properties": [
          {
            "cors_rule": [],
            "hour_metrics": [
              {
                "enabled": true,
                "include_apis": true,
                "retention_policy_days": 7,
                "version": "1.0"
              }
            ],
            "logging": [
              {
                "delete": false,
                "read": false,
                "retention_policy_days": 0,
                "version": "1.0",
                "write": false
              }
            ],
            "minute_metrics": [
              {
                "enabled": false,
                "include_apis": false,
                "retention_policy_days": 0,
                "version": "1.0"
              }
            ]
          }
        ],
        "resource_group_name": "storege_account_group",
        "routing": [],
        "secondary_access_key": "82idfKaBac1pYZvdzD/zleWxqP+ZUGZP91NQaP2offqNhJIClG7codRAtSKuuIcoj4mJAF79aT2e+AStbRHJiA==",
        "secondary_blob_connection_string": "",
        "secondary_blob_endpoint": null,
        "secondary_blob_host": null,
        "secondary_connection_string": "DefaultEndpointsProtocol=https;AccountName=fabiolealaccount2712;AccountKey=82idfKaBac1pYZvdzD/zleWxqP+ZUGZP91NQaP2offqNhJIClG7codRAtSKuuIcoj4mJAF79aT2e+AStbRHJiA==;EndpointSuffix=core.windows.net",
        "secondary_dfs_endpoint": null,
        "secondary_dfs_host": null,
        "secondary_file_endpoint": null,
        "secondary_file_host": null,
        "secondary_location": "",
        "secondary_queue_endpoint": null,
        "secondary_queue_host": null,
        "secondary_table_endpoint": null,
        "secondary_table_host": null,
        "secondary_web_endpoint": null,
        "secondary_web_host": null,
        "share_properties": [
          {
            "cors_rule": [],
            "retention_policy": [
              {
                "days": 7
              }
            ],
            "smb": []
          }
        ],
        "shared_access_key_enabled": true,
        "static_website": [],
        "table_encryption_key_type": "Service",
        "tags": {
          "managed-by": "terraform",
          "owner": "fabioleal"
        },
        "timeouts": null
      },
      "type": [
        "object",
        {
          "access_tier": "string",
          "account_kind": "string",
          "account_replication_type": "string",
          "account_tier": "string",
          "allow_nested_items_to_be_public": "bool",
          "azure_files_authentication": [
            "list",
            [
              "object",
              {
                "active_directory": [
                  "list",
                  [
                    "object",
                    {
                      "domain_guid": "string",
                      "domain_name": "string",
                      "domain_sid": "string",
                      "forest_name": "string",
                      "netbios_domain_name": "string",
                      "storage_sid": "string"
                    }
                  ]
                ],
                "directory_type": "string"
              }
            ]
          ],
          "blob_properties": [
            "list",
            [
              "object",
              {
                "change_feed_enabled": "bool",
                "container_delete_retention_policy": [
                  "list",
                  [
                    "object",
                    {
                      "days": "number"
                    }
                  ]
                ],
                "cors_rule": [
                  "list",
                  [
                    "object",
                    {
                      "allowed_headers": [
                        "list",
                        "string"
                      ],
                      "allowed_methods": [
                        "list",
                        "string"
                      ],
                      "allowed_origins": [
                        "list",
                        "string"
                      ],
                      "exposed_headers": [
                        "list",
                        "string"
                      ],
                      "max_age_in_seconds": "number"
                    }
                  ]
                ],
                "default_service_version": "string",
                "delete_retention_policy": [
                  "list",
                  [
                    "object",
                    {
                      "days": "number"
                    }
                  ]
                ],
                "last_access_time_enabled": "bool",
                "versioning_enabled": "bool"
              }
            ]
          ],
          "custom_domain": [
            "list",
            [
              "object",
              {
                "name": "string",
                "use_subdomain": "bool"
              }
            ]
          ],
          "customer_managed_key": [
            "list",
            [
              "object",
              {
                "key_vault_key_id": "string",
                "user_assigned_identity_id": "string"
              }
            ]
          ],
          "edge_zone": "string",
          "enable_https_traffic_only": "bool",
          "id": "string",
          "identity": [
            "list",
            [
              "object",
              {
                "identity_ids": [
                  "set",
                  "string"
                ],
                "principal_id": "string",
                "tenant_id": "string",
                "type": "string"
              }
            ]
          ],
          "infrastructure_encryption_enabled": "bool",
          "is_hns_enabled": "bool",
          "large_file_share_enabled": "bool",
          "location": "string",
          "min_tls_version": "string",
          "name": "string",
          "network_rules": [
            "list",
            [
              "object",
              {
                "bypass": [
                  "set",
                  "string"
                ],
                "default_action": "string",
                "ip_rules": [
                  "set",
                  "string"
                ],
                "private_link_access": [
                  "list",
                  [
                    "object",
                    {
                      "endpoint_resource_id": "string",
                      "endpoint_tenant_id": "string"
                    }
                  ]
                ],
                "virtual_network_subnet_ids": [
                  "set",
                  "string"
                ]
              }
            ]
          ],
          "nfsv3_enabled": "bool",
          "primary_access_key": "string",
          "primary_blob_connection_string": "string",
          "primary_blob_endpoint": "string",
          "primary_blob_host": "string",
          "primary_connection_string": "string",
          "primary_dfs_endpoint": "string",
          "primary_dfs_host": "string",
          "primary_file_endpoint": "string",
          "primary_file_host": "string",
          "primary_location": "string",
          "primary_queue_endpoint": "string",
          "primary_queue_host": "string",
          "primary_table_endpoint": "string",
          "primary_table_host": "string",
          "primary_web_endpoint": "string",
          "primary_web_host": "string",
          "queue_encryption_key_type": "string",
          "queue_properties": [
            "list",
            [
              "object",
              {
                "cors_rule": [
                  "list",
                  [
                    "object",
                    {
                      "allowed_headers": [
                        "list",
                        "string"
                      ],
                      "allowed_methods": [
                        "list",
                        "string"
                      ],
                      "allowed_origins": [
                        "list",
                        "string"
                      ],
                      "exposed_headers": [
                        "list",
                        "string"
                      ],
                      "max_age_in_seconds": "number"
                    }
                  ]
                ],
                "hour_metrics": [
                  "list",
                  [
                    "object",
                    {
                      "enabled": "bool",
                      "include_apis": "bool",
                      "retention_policy_days": "number",
                      "version": "string"
                    }
                  ]
                ],
                "logging": [
                  "list",
                  [
                    "object",
                    {
                      "delete": "bool",
                      "read": "bool",
                      "retention_policy_days": "number",
                      "version": "string",
                      "write": "bool"
                    }
                  ]
                ],
                "minute_metrics": [
                  "list",
                  [
                    "object",
                    {
                      "enabled": "bool",
                      "include_apis": "bool",
                      "retention_policy_days": "number",
                      "version": "string"
                    }
                  ]
                ]
              }
            ]
          ],
          "resource_group_name": "string",
          "routing": [
            "list",
            [
              "object",
              {
                "choice": "string",
                "publish_internet_endpoints": "bool",
                "publish_microsoft_endpoints": "bool"
              }
            ]
          ],
          "secondary_access_key": "string",
          "secondary_blob_connection_string": "string",
          "secondary_blob_endpoint": "string",
          "secondary_blob_host": "string",
          "secondary_connection_string": "string",
          "secondary_dfs_endpoint": "string",
          "secondary_dfs_host": "string",
          "secondary_file_endpoint": "string",
          "secondary_file_host": "string",
          "secondary_location": "string",
          "secondary_queue_endpoint": "string",
          "secondary_queue_host": "string",
          "secondary_table_endpoint": "string",
          "secondary_table_host": "string",
          "secondary_web_endpoint": "string",
          "secondary_web_host": "string",
          "share_properties": [
            "list",
            [
              "object",
              {
                "cors_rule": [
                  "list",
                  [
                    "object",
                    {
                      "allowed_headers": [
                        "list",
                        "string"
                      ],
                      "allowed_methods": [
                        "list",
                        "string"
                      ],
                      "allowed_origins": [
                        "list",
                        "string"
                      ],
                      "exposed_headers": [
                        "list",
                        "string"
                      ],
                      "max_age_in_seconds": "number"
                    }
                  ]
                ],
                "retention_policy": [
                  "list",
                  [
                    "object",
                    {
                      "days": "number"
                    }
                  ]
                ],
                "smb": [
                  "list",
                  [
                    "object",
                    {
                      "authentication_types": [
                        "set",
                        "string"
                      ],
                      "channel_encryption_type": [
                        "set",
                        "string"
                      ],
                      "kerberos_ticket_encryption_type": [
                        "set",
                        "string"
                      ],
                      "versions": [
                        "set",
                        "string"
                      ]
                    }
                  ]
                ]
              }
            ]
          ],
          "shared_access_key_enabled": "bool",
          "static_website": [
            "list",
            [
              "object",
              {
                "error_404_document": "string",
                "index_document": "string"
              }
            ]
          ],
          "table_encryption_key_type": "string",
          "tags": [
            "map",
            "string"
          ],
          "timeouts": [
            "object",
            {
              "create": "string",
              "delete": "string",
              "read": "string",
              "update": "string"
            }
          ]
        }
      ],
      "sensitive": true
    }
  },
  "resources": [
    {
      "mode": "managed",
      "type": "azurerm_resource_group",
      "name": "first_resource_group",
      "provider": "provider[\"registry.terraform.io/hashicorp/azurerm\"]",
      "instances": [
        {
          "schema_version": 0,
          "attributes": {
            "id": "/subscriptions/ac68c5bb-7f34-43c6-ba69-66771f0f0d66/resourceGroups/storege_account_group",
            "location": "eastus",
            "name": "storege_account_group",
            "tags": {
              "managed-by": "terraform",
              "owner": "fabioleal"
            },
            "timeouts": null
          },
          "sensitive_attributes": [],
          "private": "eyJlMmJmYjczMC1lY2FhLTExZTYtOGY4OC0zNDM2M2JjN2M0YzAiOnsiY3JlYXRlIjo1NDAwMDAwMDAwMDAwLCJkZWxldGUiOjU0MDAwMDAwMDAwMDAsInJlYWQiOjMwMDAwMDAwMDAwMCwidXBkYXRlIjo1NDAwMDAwMDAwMDAwfX0="
        }
      ]
    },
    {
      "mode": "managed",
      "type": "azurerm_storage_account",
      "name": "first_resource_account",
      "provider": "provider[\"registry.terraform.io/hashicorp/azurerm\"]",
      "instances": [
        {
          "schema_version": 3,
          "attributes": {
            "access_tier": "Hot",
            "account_kind": "StorageV2",
            "account_replication_type": "LRS",
            "account_tier": "Standard",
            "allow_nested_items_to_be_public": true,
            "azure_files_authentication": [],
            "blob_properties": [
              {
                "change_feed_enabled": false,
                "container_delete_retention_policy": [],
                "cors_rule": [],
                "default_service_version": "",
                "delete_retention_policy": [],
                "last_access_time_enabled": false,
                "versioning_enabled": false
              }
            ],
            "custom_domain": [],
            "customer_managed_key": [],
            "edge_zone": "",
            "enable_https_traffic_only": true,
            "id": "/subscriptions/ac68c5bb-7f34-43c6-ba69-66771f0f0d66/resourceGroups/storege_account_group/providers/Microsoft.Storage/storageAccounts/fabiolealaccount2712",
            "identity": [],
            "infrastructure_encryption_enabled": false,
            "is_hns_enabled": false,
            "large_file_share_enabled": null,
            "location": "eastus",
            "min_tls_version": "TLS1_2",
            "name": "fabiolealaccount2712",
            "network_rules": [
              {
                "bypass": [
                  "AzureServices"
                ],
                "default_action": "Allow",
                "ip_rules": [],
                "private_link_access": [],
                "virtual_network_subnet_ids": []
              }
            ],
            "nfsv3_enabled": false,
            "primary_access_key": "pm8MnYIqS2B038n1CYM5B8yFSZ2j9Kd3zMs7qWStReTQF4eGyDSI8BmNFzLJhfGPu6lZ+9jRkaT0+AStxppLPQ==",
            "primary_blob_connection_string": "DefaultEndpointsProtocol=https;BlobEndpoint=https://fabiolealaccount2712.blob.core.windows.net/;AccountName=fabiolealaccount2712;AccountKey=pm8MnYIqS2B038n1CYM5B8yFSZ2j9Kd3zMs7qWStReTQF4eGyDSI8BmNFzLJhfGPu6lZ+9jRkaT0+AStxppLPQ==",
            "primary_blob_endpoint": "https://fabiolealaccount2712.blob.core.windows.net/",
            "primary_blob_host": "fabiolealaccount2712.blob.core.windows.net",
            "primary_connection_string": "DefaultEndpointsProtocol=https;AccountName=fabiolealaccount2712;AccountKey=pm8MnYIqS2B038n1CYM5B8yFSZ2j9Kd3zMs7qWStReTQF4eGyDSI8BmNFzLJhfGPu6lZ+9jRkaT0+AStxppLPQ==;EndpointSuffix=core.windows.net",
            "primary_dfs_endpoint": "https://fabiolealaccount2712.dfs.core.windows.net/",
            "primary_dfs_host": "fabiolealaccount2712.dfs.core.windows.net",
            "primary_file_endpoint": "https://fabiolealaccount2712.file.core.windows.net/",
            "primary_file_host": "fabiolealaccount2712.file.core.windows.net",
            "primary_location": "eastus",
            "primary_queue_endpoint": "https://fabiolealaccount2712.queue.core.windows.net/",
            "primary_queue_host": "fabiolealaccount2712.queue.core.windows.net",
            "primary_table_endpoint": "https://fabiolealaccount2712.table.core.windows.net/",
            "primary_table_host": "fabiolealaccount2712.table.core.windows.net",
            "primary_web_endpoint": "https://fabiolealaccount2712.z13.web.core.windows.net/",
            "primary_web_host": "fabiolealaccount2712.z13.web.core.windows.net",
            "queue_encryption_key_type": "Service",
            "queue_properties": [
              {
                "cors_rule": [],
                "hour_metrics": [
                  {
                    "enabled": true,
                    "include_apis": true,
                    "retention_policy_days": 7,
                    "version": "1.0"
                  }
                ],
                "logging": [
                  {
                    "delete": false,
                    "read": false,
                    "retention_policy_days": 0,
                    "version": "1.0",
                    "write": false
                  }
                ],
                "minute_metrics": [
                  {
                    "enabled": false,
                    "include_apis": false,
                    "retention_policy_days": 0,
                    "version": "1.0"
                  }
                ]
              }
            ],
            "resource_group_name": "storege_account_group",
            "routing": [],
            "secondary_access_key": "82idfKaBac1pYZvdzD/zleWxqP+ZUGZP91NQaP2offqNhJIClG7codRAtSKuuIcoj4mJAF79aT2e+AStbRHJiA==",
            "secondary_blob_connection_string": "",
            "secondary_blob_endpoint": null,
            "secondary_blob_host": null,
            "secondary_connection_string": "DefaultEndpointsProtocol=https;AccountName=fabiolealaccount2712;AccountKey=82idfKaBac1pYZvdzD/zleWxqP+ZUGZP91NQaP2offqNhJIClG7codRAtSKuuIcoj4mJAF79aT2e+AStbRHJiA==;EndpointSuffix=core.windows.net",
            "secondary_dfs_endpoint": null,
            "secondary_dfs_host": null,
            "secondary_file_endpoint": null,
            "secondary_file_host": null,
            "secondary_location": "",
            "secondary_queue_endpoint": null,
            "secondary_queue_host": null,
            "secondary_table_endpoint": null,
            "secondary_table_host": null,
            "secondary_web_endpoint": null,
            "secondary_web_host": null,
            "share_properties": [
              {
                "cors_rule": [],
                "retention_policy": [
                  {
                    "days": 7
                  }
                ],
                "smb": []
              }
            ],
            "shared_access_key_enabled": true,
            "static_website": [],
            "table_encryption_key_type": "Service",
            "tags": {
              "managed-by": "terraform",
              "owner": "fabioleal"
            },
            "timeouts": null
          },
          "sensitive_attributes": [],
          "private": "eyJlMmJmYjczMC1lY2FhLTExZTYtOGY4OC0zNDM2M2JjN2M0YzAiOnsiY3JlYXRlIjozNjAwMDAwMDAwMDAwLCJkZWxldGUiOjM2MDAwMDAwMDAwMDAsInJlYWQiOjMwMDAwMDAwMDAwMCwidXBkYXRlIjozNjAwMDAwMDAwMDAwfSwic2NoZW1hX3ZlcnNpb24iOiIzIn0=",
          "dependencies": [
            "azurerm_resource_group.first_resource_group"
          ]
        }
      ]
    },
    {
      "mode": "managed",
      "type": "azurerm_storage_container",
      "name": "first_resource_container",
      "provider": "provider[\"registry.terraform.io/hashicorp/azurerm\"]",
      "instances": [
        {
          "schema_version": 1,
          "attributes": {
            "container_access_type": "private",
            "has_immutability_policy": false,
            "has_legal_hold": false,
            "id": "https://fabiolealaccount2712.blob.core.windows.net/imagens",
            "metadata": {},
            "name": "imagens",
            "resource_manager_id": "/subscriptions/ac68c5bb-7f34-43c6-ba69-66771f0f0d66/resourceGroups/storege_account_group/providers/Microsoft.Storage/storageAccounts/fabiolealaccount2712/blobServices/default/containers/imagens",
            "storage_account_name": "fabiolealaccount2712",
            "timeouts": null
          },
          "sensitive_attributes": [],
          "private": "eyJlMmJmYjczMC1lY2FhLTExZTYtOGY4OC0zNDM2M2JjN2M0YzAiOnsiY3JlYXRlIjoxODAwMDAwMDAwMDAwLCJkZWxldGUiOjE4MDAwMDAwMDAwMDAsInJlYWQiOjMwMDAwMDAwMDAwMCwidXBkYXRlIjoxODAwMDAwMDAwMDAwfSwic2NoZW1hX3ZlcnNpb24iOiIxIn0=",
          "dependencies": [
            "azurerm_resource_group.first_resource_group",
            "azurerm_storage_account.first_resource_account"
          ]
        }
      ]
    }
  ]
}
