{
  "version": 4,
  "terraform_version": "1.2.5",
  "serial": 4,
  "lineage": "e9255257-1f09-8dd7-2097-7dffb0ea82ba",
  "outputs": {},
  "resources": [
    {
      "mode": "managed",
      "type": "aws_s3_bucket",
      "name": "first_bucket",
      "provider": "provider[\"registry.terraform.io/hashicorp/aws\"]",
      "instances": [
        {
          "schema_version": 0,
          "attributes": {
            "acceleration_status": "",
            "acl": null,
            "arn": "arn:aws:s3:::curso-terraform15072022",
            "bucket": "curso-terraform15072022",
            "bucket_domain_name": "curso-terraform15072022.s3.amazonaws.com",
            "bucket_prefix": null,
            "bucket_regional_domain_name": "curso-terraform15072022.s3.amazonaws.com",
            "cors_rule": [],
            "force_destroy": false,
            "grant": [
              {
                "id": "6d6e4d90a24982835ad6f5e326c49055b89ff971a5ab9af5a170b73229ddf5a7",
                "permissions": [
                  "FULL_CONTROL"
                ],
                "type": "CanonicalUser",
                "uri": ""
              }
            ],
            "hosted_zone_id": "Z3AQBSTGFYJSTF",
            "id": "curso-terraform15072022",
            "lifecycle_rule": [],
            "logging": [],
            "object_lock_configuration": [],
            "object_lock_enabled": false,
            "policy": "",
            "region": "us-east-1",
            "replication_configuration": [],
            "request_payer": "BucketOwner",
            "server_side_encryption_configuration": [],
            "tags": null,
            "tags_all": {
              "managed-by": "terraform",
              "owner": "fabioleal"
            },
            "versioning": [
              {
                "enabled": false,
                "mfa_delete": false
              }
            ],
            "website": [],
            "website_domain": null,
            "website_endpoint": null
          },
          "sensitive_attributes": [],
          "private": "bnVsbA=="
        }
      ]
    }
  ]
}
